// !$*UTF8*$!
{
	archiveVersion = 1;
	classes = {
	};
	objectVersion = 46;
	objects = {

/* Begin PBXBuildFile section */
		27599E2719BF3C3F005A9EB6 /* AppDelegate.swift in Sources */ = {isa = PBXBuildFile; fileRef = 27599E2619BF3C3F005A9EB6 /* AppDelegate.swift */; };
		27599E2919BF3C3F005A9EB6 /* ViewController.swift in Sources */ = {isa = PBXBuildFile; fileRef = 27599E2819BF3C3F005A9EB6 /* ViewController.swift */; };
		27599E2C19BF3C3F005A9EB6 /* Main.storyboard in Resources */ = {isa = PBXBuildFile; fileRef = 27599E2A19BF3C3F005A9EB6 /* Main.storyboard */; };
		27599E2E19BF3C3F005A9EB6 /* Images.xcassets in Resources */ = {isa = PBXBuildFile; fileRef = 27599E2D19BF3C3F005A9EB6 /* Images.xcassets */; };
		27599E3A19BF3C3F005A9EB6 /* ______Tests.swift in Sources */ = {isa = PBXBuildFile; fileRef = 27599E3919BF3C3F005A9EB6 /* ______Tests.swift */; };
/* End PBXBuildFile section */

/* Begin PBXContainerItemProxy section */
		27599E3419BF3C3F005A9EB6 /* PBXContainerItemProxy */ = {
			isa = PBXContainerItemProxy;
			containerPortal = 27599E1919BF3C3F005A9EB6 /* Project object */;
			proxyType = 1;
			remoteGlobalIDString = 27599E2019BF3C3F005A9EB6;
			remoteInfo = "🙈🙉🙊";
		};
/* End PBXContainerItemProxy section */

/* Begin PBXFileReference section */
		27599E2119BF3C3F005A9EB6 /* 🙈🙉🙊.app */ = {isa = PBXFileReference; explicitFileType = wrapper.application; includeInIndex = 0; path = "🙈🙉🙊.app"; sourceTree = BUILT_PRODUCTS_DIR; };
		27599E2519BF3C3F005A9EB6 /* Info.plist */ = {isa = PBXFileReference; lastKnownFileType = text.plist.xml; path = Info.plist; sourceTree = "<group>"; };
		27599E2619BF3C3F005A9EB6 /* AppDelegate.swift */ = {isa = PBXFileReference; lastKnownFileType = sourcecode.swift; path = AppDelegate.swift; sourceTree = "<group>"; };
		27599E2819BF3C3F005A9EB6 /* ViewController.swift */ = {isa = PBXFileReference; lastKnownFileType = sourcecode.swift; path = ViewController.swift; sourceTree = "<group>"; };
		27599E2B19BF3C3F005A9EB6 /* Base */ = {isa = PBXFileReference; lastKnownFileType = file.storyboard; name = Base; path = Base.lproj/Main.storyboard; sourceTree = "<group>"; };
		27599E2D19BF3C3F005A9EB6 /* Images.xcassets */ = {isa = PBXFileReference; lastKnownFileType = folder.assetcatalog; path = Images.xcassets; sourceTree = "<group>"; };
		27599E3319BF3C3F005A9EB6 /* 🙈🙉🙊Tests.xctest */ = {isa = PBXFileReference; explicitFileType = wrapper.cfbundle; includeInIndex = 0; path = "🙈🙉🙊Tests.xctest"; sourceTree = BUILT_PRODUCTS_DIR; };
		27599E3819BF3C3F005A9EB6 /* Info.plist */ = {isa = PBXFileReference; lastKnownFileType = text.plist.xml; path = Info.plist; sourceTree = "<group>"; };
		27599E3919BF3C3F005A9EB6 /* ______Tests.swift */ = {isa = PBXFileReference; lastKnownFileType = sourcecode.swift; path = "______Tests.swift"; sourceTree = "<group>"; };
/* End PBXFileReference section */

/* Begin PBXFrameworksBuildPhase section */
		27599E1E19BF3C3F005A9EB6 /* Frameworks */ = {
			isa = PBXFrameworksBuildPhase;
			buildActionMask = 2147483647;
			files = (
			);
			runOnlyForDeploymentPostprocessing = 0;
		};
		27599E3019BF3C3F005A9EB6 /* Frameworks */ = {
			isa = PBXFrameworksBuildPhase;
			buildActionMask = 2147483647;
			files = (
			);
			runOnlyForDeploymentPostprocessing = 0;
		};
/* End PBXFrameworksBuildPhase section */

/* Begin PBXGroup section */
		27599E1819BF3C3F005A9EB6 = {
			isa = PBXGroup;
			children = (
				27599E2319BF3C3F005A9EB6 /* 🙈🙉🙊 */,
				27599E3619BF3C3F005A9EB6 /* 🙈🙉🙊Tests */,
				27599E2219BF3C3F005A9EB6 /* Products */,
			);
			sourceTree = "<group>";
		};
		27599E2219BF3C3F005A9EB6 /* Products */ = {
			isa = PBXGroup;
			children = (
				27599E2119BF3C3F005A9EB6 /* 🙈🙉🙊.app */,
				27599E3319BF3C3F005A9EB6 /* 🙈🙉🙊Tests.xctest */,
			);
			name = Products;
			sourceTree = "<group>";
		};
		27599E2319BF3C3F005A9EB6 /* 🙈🙉🙊 */ = {
			isa = PBXGroup;
			children = (
				27599E2619BF3C3F005A9EB6 /* AppDelegate.swift */,
				27599E2819BF3C3F005A9EB6 /* ViewController.swift */,
				27599E2A19BF3C3F005A9EB6 /* Main.storyboard */,
				27599E2D19BF3C3F005A9EB6 /* Images.xcassets */,
				27599E2419BF3C3F005A9EB6 /* Supporting Files */,
			);
			path = "🙈🙉🙊";
			sourceTree = "<group>";
		};
		27599E2419BF3C3F005A9EB6 /* Supporting Files */ = {
			isa = PBXGroup;
			children = (
				27599E2519BF3C3F005A9EB6 /* Info.plist */,
			);
			name = "Supporting Files";
			sourceTree = "<group>";
		};
		27599E3619BF3C3F005A9EB6 /* 🙈🙉🙊Tests */ = {
			isa = PBXGroup;
			children = (
				27599E3919BF3C3F005A9EB6 /* ______Tests.swift */,
				27599E3719BF3C3F005A9EB6 /* Supporting Files */,
			);
			path = "🙈🙉🙊Tests";
			sourceTree = "<group>";
		};
		27599E3719BF3C3F005A9EB6 /* Supporting Files */ = {
			isa = PBXGroup;
			children = (
				27599E3819BF3C3F005A9EB6 /* Info.plist */,
			);
			name = "Supporting Files";
			sourceTree = "<group>";
		};
/* End PBXGroup section */

/* Begin PBXNativeTarget section */
		27599E2019BF3C3F005A9EB6 /* 🙈🙉🙊 */ = {
			isa = PBXNativeTarget;
			buildConfigurationList = 27599E3D19BF3C3F005A9EB6 /* Build configuration list for PBXNativeTarget "🙈🙉🙊" */;
			buildPhases = (
				27599E1D19BF3C3F005A9EB6 /* Sources */,
				27599E1E19BF3C3F005A9EB6 /* Frameworks */,
				27599E1F19BF3C3F005A9EB6 /* Resources */,
			);
			buildRules = (
			);
			dependencies = (
			);
			name = "🙈🙉🙊";
			productName = "🙈🙉🙊";
			productReference = 27599E2119BF3C3F005A9EB6 /* 🙈🙉🙊.app */;
			productType = "com.apple.product-type.application";
		};
		27599E3219BF3C3F005A9EB6 /* 🙈🙉🙊Tests */ = {
			isa = PBXNativeTarget;
			buildConfigurationList = 27599E4019BF3C3F005A9EB6 /* Build configuration list for PBXNativeTarget "🙈🙉🙊Tests" */;
			buildPhases = (
				27599E2F19BF3C3F005A9EB6 /* Sources */,
				27599E3019BF3C3F005A9EB6 /* Frameworks */,
				27599E3119BF3C3F005A9EB6 /* Resources */,
			);
			buildRules = (
			);
			dependencies = (
				27599E3519BF3C3F005A9EB6 /* PBXTargetDependency */,
			);
			name = "🙈🙉🙊Tests";
			productName = "🙈🙉🙊Tests";
			productReference = 27599E3319BF3C3F005A9EB6 /* 🙈🙉🙊Tests.xctest */;
			productType = "com.apple.product-type.bundle.unit-test";
		};
/* End PBXNativeTarget section */

/* Begin PBXProject section */
		27599E1919BF3C3F005A9EB6 /* Project object */ = {
			isa = PBXProject;
			attributes = {
				LastUpgradeCheck = 0600;
				ORGANIZATIONNAME = "Katlyn Schwaebe";
				TargetAttributes = {
					27599E2019BF3C3F005A9EB6 = {
						CreatedOnToolsVersion = 6.0;
					};
					27599E3219BF3C3F005A9EB6 = {
						CreatedOnToolsVersion = 6.0;
						TestTargetID = 27599E2019BF3C3F005A9EB6;
					};
				};
			};
			buildConfigurationList = 27599E1C19BF3C3F005A9EB6 /* Build configuration list for PBXProject "🙈🙉🙊" */;
			compatibilityVersion = "Xcode 3.2";
			developmentRegion = English;
			hasScannedForEncodings = 0;
			knownRegions = (
				en,
				Base,
			);
			mainGroup = 27599E1819BF3C3F005A9EB6;
			productRefGroup = 27599E2219BF3C3F005A9EB6 /* Products */;
			projectDirPath = "";
			projectRoot = "";
			targets = (
				27599E2019BF3C3F005A9EB6 /* 🙈🙉🙊 */,
				27599E3219BF3C3F005A9EB6 /* 🙈🙉🙊Tests */,
			);
		};
/* End PBXProject section */

/* Begin PBXResourcesBuildPhase section */
		27599E1F19BF3C3F005A9EB6 /* Resources */ = {
			isa = PBXResourcesBuildPhase;
			buildActionMask = 2147483647;
			files = (
				27599E2C19BF3C3F005A9EB6 /* Main.storyboard in Resources */,
				27599E2E19BF3C3F005A9EB6 /* Images.xcassets in Resources */,
			);
			runOnlyForDeploymentPostprocessing = 0;
		};
		27599E3119BF3C3F005A9EB6 /* Resources */ = {
			isa = PBXResourcesBuildPhase;
			buildActionMask = 2147483647;
			files = (
			);
			runOnlyForDeploymentPostprocessing = 0;
		};
/* End PBXResourcesBuildPhase section */

/* Begin PBXSourcesBuildPhase section */
		27599E1D19BF3C3F005A9EB6 /* Sources */ = {
			isa = PBXSourcesBuildPhase;
			buildActionMask = 2147483647;
			files = (
				27599E2919BF3C3F005A9EB6 /* ViewController.swift in Sources */,
				27599E2719BF3C3F005A9EB6 /* AppDelegate.swift in Sources */,
			);
			runOnlyForDeploymentPostprocessing = 0;
		};
		27599E2F19BF3C3F005A9EB6 /* Sources */ = {
			isa = PBXSourcesBuildPhase;
			buildActionMask = 2147483647;
			files = (
				27599E3A19BF3C3F005A9EB6 /* ______Tests.swift in Sources */,
			);
			runOnlyForDeploymentPostprocessing = 0;
		};
/* End PBXSourcesBuildPhase section */

/* Begin PBXTargetDependency section */
		27599E3519BF3C3F005A9EB6 /* PBXTargetDependency */ = {
			isa = PBXTargetDependency;
			target = 27599E2019BF3C3F005A9EB6 /* 🙈🙉🙊 */;
			targetProxy = 27599E3419BF3C3F005A9EB6 /* PBXContainerItemProxy */;
		};
/* End PBXTargetDependency section */

/* Begin PBXVariantGroup section */
		27599E2A19BF3C3F005A9EB6 /* Main.storyboard */ = {
			isa = PBXVariantGroup;
			children = (
				27599E2B19BF3C3F005A9EB6 /* Base */,
			);
			name = Main.storyboard;
			sourceTree = "<group>";
		};
/* End PBXVariantGroup section */

/* Begin XCBuildConfiguration section */
		27599E3B19BF3C3F005A9EB6 /* Debug */ = {
			isa = XCBuildConfiguration;
			buildSettings = {
				ALWAYS_SEARCH_USER_PATHS = NO;
				CLANG_CXX_LANGUAGE_STANDARD = "gnu++0x";
				CLANG_CXX_LIBRARY = "libc++";
				CLANG_ENABLE_MODULES = YES;
				CLANG_ENABLE_OBJC_ARC = YES;
				CLANG_WARN_BOOL_CONVERSION = YES;
				CLANG_WARN_CONSTANT_CONVERSION = YES;
				CLANG_WARN_DIRECT_OBJC_ISA_USAGE = YES_ERROR;
				CLANG_WARN_EMPTY_BODY = YES;
				CLANG_WARN_ENUM_CONVERSION = YES;
				CLANG_WARN_INT_CONVERSION = YES;
				CLANG_WARN_OBJC_ROOT_CLASS = YES_ERROR;
				CLANG_WARN_UNREACHABLE_CODE = YES;
				CLANG_WARN__DUPLICATE_METHOD_MATCH = YES;
				"CODE_SIGN_IDENTITY[sdk=iphoneos*]" = "iPhone Developer";
				COPY_PHASE_STRIP = NO;
				ENABLE_STRICT_OBJC_MSGSEND = YES;
				GCC_C_LANGUAGE_STANDARD = gnu99;
				GCC_DYNAMIC_NO_PIC = NO;
				GCC_OPTIMIZATION_LEVEL = 0;
				GCC_PREPROCESSOR_DEFINITIONS = (
					"DEBUG=1",
					"$(inherited)",
				);
				GCC_SYMBOLS_PRIVATE_EXTERN = NO;
				GCC_WARN_64_TO_32_BIT_CONVERSION = YES;
				GCC_WARN_ABOUT_RETURN_TYPE = YES_ERROR;
				GCC_WARN_UNDECLARED_SELECTOR = YES;
				GCC_WARN_UNINITIALIZED_AUTOS = YES_AGGRESSIVE;
				GCC_WARN_UNUSED_FUNCTION = YES;
				GCC_WARN_UNUSED_VARIABLE = YES;
				IPHONEOS_DEPLOYMENT_TARGET = 8.0;
				MTL_ENABLE_DEBUG_INFO = YES;
				ONLY_ACTIVE_ARCH = YES;
				SDKROOT = iphoneos;
				SWIFT_OPTIMIZATION_LEVEL = "-Onone";
				TARGETED_DEVICE_FAMILY = 2;
			};
			name = Debug;
		};
		27599E3C19BF3C3F005A9EB6 /* Release */ = {
			isa = XCBuildConfiguration;
			buildSettings = {
				ALWAYS_SEARCH_USER_PATHS = NO;
				CLANG_CXX_LANGUAGE_STANDARD = "gnu++0x";
				CLANG_CXX_LIBRARY = "libc++";
				CLANG_ENABLE_MODULES = YES;
				CLANG_ENABLE_OBJC_ARC = YES;
				CLANG_WARN_BOOL_CONVERSION = YES;
				CLANG_WARN_CONSTANT_CONVERSION = YES;
				CLANG_WARN_DIRECT_OBJC_ISA_USAGE = YES_ERROR;
				CLANG_WARN_EMPTY_BODY = YES;
				CLANG_WARN_ENUM_CONVERSION = YES;
				CLANG_WARN_INT_CONVERSION = YES;
				CLANG_WARN_OBJC_ROOT_CLASS = YES_ERROR;
				CLANG_WARN_UNREACHABLE_CODE = YES;
				CLANG_WARN__DUPLICATE_METHOD_MATCH = YES;
				"CODE_SIGN_IDENTITY[sdk=iphoneos*]" = "iPhone Developer";
				COPY_PHASE_STRIP = YES;
				ENABLE_NS_ASSERTIONS = NO;
				ENABLE_STRICT_OBJC_MSGSEND = YES;
				GCC_C_LANGUAGE_STANDARD = gnu99;
				GCC_WARN_64_TO_32_BIT_CONVERSION = YES;
				GCC_WARN_ABOUT_RETURN_TYPE = YES_ERROR;
				GCC_WARN_UNDECLARED_SELECTOR = YES;
				GCC_WARN_UNINITIALIZED_AUTOS = YES_AGGRESSIVE;
				GCC_WARN_UNUSED_FUNCTION = YES;
				GCC_WARN_UNUSED_VARIABLE = YES;
				IPHONEOS_DEPLOYMENT_TARGET = 8.0;
				MTL_ENABLE_DEBUG_INFO = NO;
				SDKROOT = iphoneos;
				TARGETED_DEVICE_FAMILY = 2;
				VALIDATE_PRODUCT = YES;
			};
			name = Release;
		};
		27599E3E19BF3C3F005A9EB6 /* Debug */ = {
			isa = XCBuildConfiguration;
			buildSettings = {
				ASSETCATALOG_COMPILER_APPICON_NAME = AppIcon;
				ASSETCATALOG_COMPILER_LAUNCHIMAGE_NAME = LaunchImage;
				INFOPLIST_FILE = "🙈🙉🙊/Info.plist";
				LD_RUNPATH_SEARCH_PATHS = "$(inherited) @executable_path/Frameworks";
				PRODUCT_NAME = "$(TARGET_NAME)";
			};
			name = Debug;
		};
		27599E3F19BF3C3F005A9EB6 /* Release */ = {
			isa = XCBuildConfiguration;
			buildSettings = {
				ASSETCATALOG_COMPILER_APPICON_NAME = AppIcon;
				ASSETCATALOG_COMPILER_LAUNCHIMAGE_NAME = LaunchImage;
				INFOPLIST_FILE = "🙈🙉🙊/Info.plist";
				LD_RUNPATH_SEARCH_PATHS = "$(inherited) @executable_path/Frameworks";
				PRODUCT_NAME = "$(TARGET_NAME)";
			};
			name = Release;
		};
		27599E4119BF3C3F005A9EB6 /* Debug */ = {
			isa = XCBuildConfiguration;
			buildSettings = {
				BUNDLE_LOADER = "$(TEST_HOST)";
				FRAMEWORK_SEARCH_PATHS = (
					"$(SDKROOT)/Developer/Library/Frameworks",
					"$(inherited)",
				);
				GCC_PREPROCESSOR_DEFINITIONS = (
					"DEBUG=1",
					"$(inherited)",
				);
				INFOPLIST_FILE = "🙈🙉🙊Tests/Info.plist";
				LD_RUNPATH_SEARCH_PATHS = "$(inherited) @executable_path/Frameworks @loader_path/Frameworks";
				PRODUCT_NAME = "$(TARGET_NAME)";
				TEST_HOST = "$(BUILT_PRODUCTS_DIR)/🙈🙉🙊.app/🙈🙉🙊";
			};
			name = Debug;
		};
		27599E4219BF3C3F005A9EB6 /* Release */ = {
			isa = XCBuildConfiguration;
			buildSettings = {
				BUNDLE_LOADER = "$(TEST_HOST)";
				FRAMEWORK_SEARCH_PATHS = (
					"$(SDKROOT)/Developer/Library/Frameworks",
					"$(inherited)",
				);
				INFOPLIST_FILE = "🙈🙉🙊Tests/Info.plist";
				LD_RUNPATH_SEARCH_PATHS = "$(inherited) @executable_path/Frameworks @loader_path/Frameworks";
				PRODUCT_NAME = "$(TARGET_NAME)";
				TEST_HOST = "$(BUILT_PRODUCTS_DIR)/🙈🙉🙊.app/🙈🙉🙊";
			};
			name = Release;
		};
/* End XCBuildConfiguration section */

/* Begin XCConfigurationList section */
		27599E1C19BF3C3F005A9EB6 /* Build configuration list for PBXProject "🙈🙉🙊" */ = {
			isa = XCConfigurationList;
			buildConfigurations = (
				27599E3B19BF3C3F005A9EB6 /* Debug */,
				27599E3C19BF3C3F005A9EB6 /* Release */,
			);
			defaultConfigurationIsVisible = 0;
			defaultConfigurationName = Release;
		};
		27599E3D19BF3C3F005A9EB6 /* Build configuration list for PBXNativeTarget "🙈🙉🙊" */ = {
			isa = XCConfigurationList;
			buildConfigurations = (
				27599E3E19BF3C3F005A9EB6 /* Debug */,
				27599E3F19BF3C3F005A9EB6 /* Release */,
			);
			defaultConfigurationIsVisible = 0;
		};
		27599E4019BF3C3F005A9EB6 /* Build configuration list for PBXNativeTarget "🙈🙉🙊Tests" */ = {
			isa = XCConfigurationList;
			buildConfigurations = (
				27599E4119BF3C3F005A9EB6 /* Debug */,
				27599E4219BF3C3F005A9EB6 /* Release */,
			);
			defaultConfigurationIsVisible = 0;
		};
/* End XCConfigurationList section */
	};
	rootObject = 27599E1919BF3C3F005A9EB6 /* Project object */;
}
